
Microsoft Visual Studio Solution File, Format Version 12.00
# Visual Studio Version 17
VisualStudioVersion = 17.5.33516.290
MinimumVisualStudioVersion = 10.0.40219.1
Project("{9A19103F-16F7-4668-BE54-9A1E7A4F7556}") = "BlazorIntus2.Server", "Server\BlazorIntus2.Server.csproj", "{C42D2DA4-EC46-42E6-87A8-DEB5E6CFEBBD}"
EndProject
Project("{9A19103F-16F7-4668-BE54-9A1E7A4F7556}") = "BlazorIntus2.Client", "Client\BlazorIntus2.Client.csproj", "{F334E505-813E-4CB3-AE55-77C91BDB7757}"
EndProject
Project("{9A19103F-16F7-4668-BE54-9A1E7A4F7556}") = "BlazorIntus2.Shared", "Shared\BlazorIntus2.Shared.csproj", "{255A5E74-0BD6-44AF-A046-79F234686256}"
EndProject
Global
	GlobalSection(SolutionConfigurationPlatforms) = preSolution
		Debug|Any CPU = Debug|Any CPU
		Release|Any CPU = Release|Any CPU
	EndGlobalSection
	GlobalSection(ProjectConfigurationPlatforms) = postSolution
		{C42D2DA4-EC46-42E6-87A8-DEB5E6CFEBBD}.Debug|Any CPU.ActiveCfg = Debug|Any CPU
		{C42D2DA4-EC46-42E6-87A8-DEB5E6CFEBBD}.Debug|Any CPU.Build.0 = Debug|Any CPU
		{C42D2DA4-EC46-42E6-87A8-DEB5E6CFEBBD}.Release|Any CPU.ActiveCfg = Release|Any CPU
		{C42D2DA4-EC46-42E6-87A8-DEB5E6CFEBBD}.Release|Any CPU.Build.0 = Release|Any CPU
		{F334E505-813E-4CB3-AE55-77C91BDB7757}.Debug|Any CPU.ActiveCfg = Debug|Any CPU
		{F334E505-813E-4CB3-AE55-77C91BDB7757}.Debug|Any CPU.Build.0 = Debug|Any CPU
		{F334E505-813E-4CB3-AE55-77C91BDB7757}.Release|Any CPU.ActiveCfg = Release|Any CPU
		{F334E505-813E-4CB3-AE55-77C91BDB7757}.Release|Any CPU.Build.0 = Release|Any CPU
		{255A5E74-0BD6-44AF-A046-79F234686256}.Debug|Any CPU.ActiveCfg = Debug|Any CPU
		{255A5E74-0BD6-44AF-A046-79F234686256}.Debug|Any CPU.Build.0 = Debug|Any CPU
		{255A5E74-0BD6-44AF-A046-79F234686256}.Release|Any CPU.ActiveCfg = Release|Any CPU
		{255A5E74-0BD6-44AF-A046-79F234686256}.Release|Any CPU.Build.0 = Release|Any CPU
	EndGlobalSection
	GlobalSection(SolutionProperties) = preSolution
		HideSolutionNode = FALSE
	EndGlobalSection
	GlobalSection(ExtensibilityGlobals) = postSolution
		SolutionGuid = {10D7532F-5A61-4AD8-AB08-FDC528622EBC}
	EndGlobalSection
EndGlobal
